// !$*UTF8*$!
{
	archiveVersion = 1;
	classes = {
	};
	objectVersion = 56;
	objects = {

/* Begin PBXBuildFile section */
		EAB20DD929C35E72000812F9 /* MainViewController.swift in Sources */ = {isa = PBXBuildFile; fileRef = EAB20DD729C35E72000812F9 /* MainViewController.swift */; };
		EAB20DDA29C35E72000812F9 /* MainViewController.xib in Resources */ = {isa = PBXBuildFile; fileRef = EAB20DD829C35E72000812F9 /* MainViewController.xib */; };
		EAB20DDF29C35F62000812F9 /* SchoolTableViewController.swift in Sources */ = {isa = PBXBuildFile; fileRef = EAB20DDD29C35F62000812F9 /* SchoolTableViewController.swift */; };
		EAB20DE029C35F62000812F9 /* SchoolTableViewController.xib in Resources */ = {isa = PBXBuildFile; fileRef = EAB20DDE29C35F62000812F9 /* SchoolTableViewController.xib */; };
		EAB20DE229C36098000812F9 /* Coordinator.swift in Sources */ = {isa = PBXBuildFile; fileRef = EAB20DE129C36098000812F9 /* Coordinator.swift */; };
		EAB20DE529C36306000812F9 /* SchoolDetailsViewController.swift in Sources */ = {isa = PBXBuildFile; fileRef = EAB20DE329C36306000812F9 /* SchoolDetailsViewController.swift */; };
		EAB20DE629C36306000812F9 /* SchoolDetailsViewController.xib in Resources */ = {isa = PBXBuildFile; fileRef = EAB20DE429C36306000812F9 /* SchoolDetailsViewController.xib */; };
		EAB20DE929C365CC000812F9 /* School.swift in Sources */ = {isa = PBXBuildFile; fileRef = EAB20DE829C365CC000812F9 /* School.swift */; };
		EAB20DEE29C36877000812F9 /* 2017_DOE_High_School_Directory.csv in Resources */ = {isa = PBXBuildFile; fileRef = EAB20DED29C36877000812F9 /* 2017_DOE_High_School_Directory.csv */; };
		EAB20DF029C36882000812F9 /* 2012_SAT_Results.csv in Resources */ = {isa = PBXBuildFile; fileRef = EAB20DEF29C36881000812F9 /* 2012_SAT_Results.csv */; };
		EAB20DF329C36B37000812F9 /* Schools.swift in Sources */ = {isa = PBXBuildFile; fileRef = EAB20DF229C36B37000812F9 /* Schools.swift */; };
		EAB20DF529C3716B000812F9 /* SAT.swift in Sources */ = {isa = PBXBuildFile; fileRef = EAB20DF429C3716B000812F9 /* SAT.swift */; };
		EAB20DF829C39534000812F9 /* ExpandableSchoolCell.swift in Sources */ = {isa = PBXBuildFile; fileRef = EAB20DF629C39534000812F9 /* ExpandableSchoolCell.swift */; };
		EAB20DF929C39534000812F9 /* ExpandableSchoolCell.xib in Resources */ = {isa = PBXBuildFile; fileRef = EAB20DF729C39534000812F9 /* ExpandableSchoolCell.xib */; };
		EAE037E429C35BC600F1EA87 /* AppDelegate.swift in Sources */ = {isa = PBXBuildFile; fileRef = EAE037E329C35BC600F1EA87 /* AppDelegate.swift */; };
		EAE037E629C35BC600F1EA87 /* SceneDelegate.swift in Sources */ = {isa = PBXBuildFile; fileRef = EAE037E529C35BC600F1EA87 /* SceneDelegate.swift */; };
		EAE037ED29C35BC900F1EA87 /* Assets.xcassets in Resources */ = {isa = PBXBuildFile; fileRef = EAE037EC29C35BC900F1EA87 /* Assets.xcassets */; };
		EAE037F029C35BC900F1EA87 /* LaunchScreen.storyboard in Resources */ = {isa = PBXBuildFile; fileRef = EAE037EE29C35BC900F1EA87 /* LaunchScreen.storyboard */; };
/* End PBXBuildFile section */

/* Begin PBXFileReference section */
		EAB20DD729C35E72000812F9 /* MainViewController.swift */ = {isa = PBXFileReference; lastKnownFileType = sourcecode.swift; path = MainViewController.swift; sourceTree = "<group>"; };
		EAB20DD829C35E72000812F9 /* MainViewController.xib */ = {isa = PBXFileReference; lastKnownFileType = file.xib; path = MainViewController.xib; sourceTree = "<group>"; };
		EAB20DDD29C35F62000812F9 /* SchoolTableViewController.swift */ = {isa = PBXFileReference; lastKnownFileType = sourcecode.swift; path = SchoolTableViewController.swift; sourceTree = "<group>"; };
		EAB20DDE29C35F62000812F9 /* SchoolTableViewController.xib */ = {isa = PBXFileReference; lastKnownFileType = file.xib; path = SchoolTableViewController.xib; sourceTree = "<group>"; };
		EAB20DE129C36098000812F9 /* Coordinator.swift */ = {isa = PBXFileReference; lastKnownFileType = sourcecode.swift; path = Coordinator.swift; sourceTree = "<group>"; };
		EAB20DE329C36306000812F9 /* SchoolDetailsViewController.swift */ = {isa = PBXFileReference; lastKnownFileType = sourcecode.swift; path = SchoolDetailsViewController.swift; sourceTree = "<group>"; };
		EAB20DE429C36306000812F9 /* SchoolDetailsViewController.xib */ = {isa = PBXFileReference; lastKnownFileType = file.xib; path = SchoolDetailsViewController.xib; sourceTree = "<group>"; };
		EAB20DE829C365CC000812F9 /* School.swift */ = {isa = PBXFileReference; lastKnownFileType = sourcecode.swift; path = School.swift; sourceTree = "<group>"; };
		EAB20DED29C36877000812F9 /* 2017_DOE_High_School_Directory.csv */ = {isa = PBXFileReference; fileEncoding = 4; lastKnownFileType = text; path = 2017_DOE_High_School_Directory.csv; sourceTree = "<group>"; };
		EAB20DEF29C36881000812F9 /* 2012_SAT_Results.csv */ = {isa = PBXFileReference; fileEncoding = 4; lastKnownFileType = text; path = 2012_SAT_Results.csv; sourceTree = "<group>"; };
		EAB20DF229C36B37000812F9 /* Schools.swift */ = {isa = PBXFileReference; lastKnownFileType = sourcecode.swift; path = Schools.swift; sourceTree = "<group>"; };
		EAB20DF429C3716B000812F9 /* SAT.swift */ = {isa = PBXFileReference; lastKnownFileType = sourcecode.swift; path = SAT.swift; sourceTree = "<group>"; };
		EAB20DF629C39534000812F9 /* ExpandableSchoolCell.swift */ = {isa = PBXFileReference; lastKnownFileType = sourcecode.swift; path = ExpandableSchoolCell.swift; sourceTree = "<group>"; };
		EAB20DF729C39534000812F9 /* ExpandableSchoolCell.xib */ = {isa = PBXFileReference; lastKnownFileType = file.xib; path = ExpandableSchoolCell.xib; sourceTree = "<group>"; };
		EAE037E029C35BC600F1EA87 /* 20230316-YiHao-NYCSchools.app */ = {isa = PBXFileReference; explicitFileType = wrapper.application; includeInIndex = 0; path = "20230316-YiHao-NYCSchools.app"; sourceTree = BUILT_PRODUCTS_DIR; };
		EAE037E329C35BC600F1EA87 /* AppDelegate.swift */ = {isa = PBXFileReference; lastKnownFileType = sourcecode.swift; path = AppDelegate.swift; sourceTree = "<group>"; };
		EAE037E529C35BC600F1EA87 /* SceneDelegate.swift */ = {isa = PBXFileReference; lastKnownFileType = sourcecode.swift; path = SceneDelegate.swift; sourceTree = "<group>"; };
		EAE037EC29C35BC900F1EA87 /* Assets.xcassets */ = {isa = PBXFileReference; lastKnownFileType = folder.assetcatalog; path = Assets.xcassets; sourceTree = "<group>"; };
		EAE037EF29C35BC900F1EA87 /* Base */ = {isa = PBXFileReference; lastKnownFileType = file.storyboard; name = Base; path = Base.lproj/LaunchScreen.storyboard; sourceTree = "<group>"; };
		EAE037F129C35BC900F1EA87 /* Info.plist */ = {isa = PBXFileReference; lastKnownFileType = text.plist.xml; path = Info.plist; sourceTree = "<group>"; };
/* End PBXFileReference section */

/* Begin PBXFrameworksBuildPhase section */
		EAE037DD29C35BC600F1EA87 /* Frameworks */ = {
			isa = PBXFrameworksBuildPhase;
			buildActionMask = 2147483647;
			files = (
			);
			runOnlyForDeploymentPostprocessing = 0;
		};
/* End PBXFrameworksBuildPhase section */

/* Begin PBXGroup section */
		EAB20DE729C365B7000812F9 /* Models */ = {
			isa = PBXGroup;
			children = (
				EAB20DE829C365CC000812F9 /* School.swift */,
				EAB20DF429C3716B000812F9 /* SAT.swift */,
			);
			path = Models;
			sourceTree = "<group>";
		};
		EAB20DEA29C3684C000812F9 /* Datas */ = {
			isa = PBXGroup;
			children = (
				EAB20DEF29C36881000812F9 /* 2012_SAT_Results.csv */,
				EAB20DED29C36877000812F9 /* 2017_DOE_High_School_Directory.csv */,
			);
			path = Datas;
			sourceTree = "<group>";
		};
		EAB20DF129C36B28000812F9 /* GlobalDataStore */ = {
			isa = PBXGroup;
			children = (
				EAB20DF229C36B37000812F9 /* Schools.swift */,
			);
			path = GlobalDataStore;
			sourceTree = "<group>";
		};
		EAE037D729C35BC600F1EA87 = {
			isa = PBXGroup;
			children = (
				EAE037E229C35BC600F1EA87 /* 20230316-YiHao-NYCSchools */,
				EAE037E129C35BC600F1EA87 /* Products */,
			);
			sourceTree = "<group>";
		};
		EAE037E129C35BC600F1EA87 /* Products */ = {
			isa = PBXGroup;
			children = (
				EAE037E029C35BC600F1EA87 /* 20230316-YiHao-NYCSchools.app */,
			);
			name = Products;
			sourceTree = "<group>";
		};
		EAE037E229C35BC600F1EA87 /* 20230316-YiHao-NYCSchools */ = {
			isa = PBXGroup;
			children = (
				EAB20DF129C36B28000812F9 /* GlobalDataStore */,
				EAB20DEA29C3684C000812F9 /* Datas */,
				EAB20DE729C365B7000812F9 /* Models */,
				EAE037F729C35D1F00F1EA87 /* Views */,
				EAE037E329C35BC600F1EA87 /* AppDelegate.swift */,
				EAE037E529C35BC600F1EA87 /* SceneDelegate.swift */,
				EAE037EC29C35BC900F1EA87 /* Assets.xcassets */,
				EAE037EE29C35BC900F1EA87 /* LaunchScreen.storyboard */,
				EAE037F129C35BC900F1EA87 /* Info.plist */,
				EAB20DE129C36098000812F9 /* Coordinator.swift */,
			);
			path = "20230316-YiHao-NYCSchools";
			sourceTree = "<group>";
		};
		EAE037F729C35D1F00F1EA87 /* Views */ = {
			isa = PBXGroup;
			children = (
				EAB20DD729C35E72000812F9 /* MainViewController.swift */,
				EAB20DD829C35E72000812F9 /* MainViewController.xib */,
				EAB20DDD29C35F62000812F9 /* SchoolTableViewController.swift */,
				EAB20DDE29C35F62000812F9 /* SchoolTableViewController.xib */,
				EAB20DE329C36306000812F9 /* SchoolDetailsViewController.swift */,
				EAB20DE429C36306000812F9 /* SchoolDetailsViewController.xib */,
				EAB20DF629C39534000812F9 /* ExpandableSchoolCell.swift */,
				EAB20DF729C39534000812F9 /* ExpandableSchoolCell.xib */,
			);
			path = Views;
			sourceTree = "<group>";
		};
/* End PBXGroup section */

/* Begin PBXNativeTarget section */
		EAE037DF29C35BC600F1EA87 /* 20230316-YiHao-NYCSchools */ = {
			isa = PBXNativeTarget;
			buildConfigurationList = EAE037F429C35BC900F1EA87 /* Build configuration list for PBXNativeTarget "20230316-YiHao-NYCSchools" */;
			buildPhases = (
				EAE037DC29C35BC600F1EA87 /* Sources */,
				EAE037DD29C35BC600F1EA87 /* Frameworks */,
				EAE037DE29C35BC600F1EA87 /* Resources */,
			);
			buildRules = (
			);
			dependencies = (
			);
			name = "20230316-YiHao-NYCSchools";
			productName = "20230316-YiHao-NYCSchools";
			productReference = EAE037E029C35BC600F1EA87 /* 20230316-YiHao-NYCSchools.app */;
			productType = "com.apple.product-type.application";
		};
/* End PBXNativeTarget section */

/* Begin PBXProject section */
		EAE037D829C35BC600F1EA87 /* Project object */ = {
			isa = PBXProject;
			attributes = {
				BuildIndependentTargetsInParallel = 1;
				LastSwiftUpdateCheck = 1420;
				LastUpgradeCheck = 1420;
				TargetAttributes = {
					EAE037DF29C35BC600F1EA87 = {
						CreatedOnToolsVersion = 14.2;
					};
				};
			};
			buildConfigurationList = EAE037DB29C35BC600F1EA87 /* Build configuration list for PBXProject "20230316-YiHao-NYCSchools" */;
			compatibilityVersion = "Xcode 14.0";
			developmentRegion = en;
			hasScannedForEncodings = 0;
			knownRegions = (
				en,
				Base,
			);
			mainGroup = EAE037D729C35BC600F1EA87;
			productRefGroup = EAE037E129C35BC600F1EA87 /* Products */;
			projectDirPath = "";
			projectRoot = "";
			targets = (
				EAE037DF29C35BC600F1EA87 /* 20230316-YiHao-NYCSchools */,
			);
		};
/* End PBXProject section */

/* Begin PBXResourcesBuildPhase section */
		EAE037DE29C35BC600F1EA87 /* Resources */ = {
			isa = PBXResourcesBuildPhase;
			buildActionMask = 2147483647;
			files = (
				EAE037F029C35BC900F1EA87 /* LaunchScreen.storyboard in Resources */,
				EAB20DE629C36306000812F9 /* SchoolDetailsViewController.xib in Resources */,
				EAB20DE029C35F62000812F9 /* SchoolTableViewController.xib in Resources */,
				EAB20DF029C36882000812F9 /* 2012_SAT_Results.csv in Resources */,
				EAB20DEE29C36877000812F9 /* 2017_DOE_High_School_Directory.csv in Resources */,
				EAB20DF929C39534000812F9 /* ExpandableSchoolCell.xib in Resources */,
				EAB20DDA29C35E72000812F9 /* MainViewController.xib in Resources */,
				EAE037ED29C35BC900F1EA87 /* Assets.xcassets in Resources */,
			);
			runOnlyForDeploymentPostprocessing = 0;
		};
/* End PBXResourcesBuildPhase section */

/* Begin PBXSourcesBuildPhase section */
		EAE037DC29C35BC600F1EA87 /* Sources */ = {
			isa = PBXSourcesBuildPhase;
			buildActionMask = 2147483647;
			files = (
				EAB20DE929C365CC000812F9 /* School.swift in Sources */,
				EAE037E429C35BC600F1EA87 /* AppDelegate.swift in Sources */,
				EAB20DE529C36306000812F9 /* SchoolDetailsViewController.swift in Sources */,
				EAB20DF329C36B37000812F9 /* Schools.swift in Sources */,
				EAB20DF529C3716B000812F9 /* SAT.swift in Sources */,
				EAB20DF829C39534000812F9 /* ExpandableSchoolCell.swift in Sources */,
				EAB20DDF29C35F62000812F9 /* SchoolTableViewController.swift in Sources */,
				EAB20DE229C36098000812F9 /* Coordinator.swift in Sources */,
				EAE037E629C35BC600F1EA87 /* SceneDelegate.swift in Sources */,
				EAB20DD929C35E72000812F9 /* MainViewController.swift in Sources */,
			);
			runOnlyForDeploymentPostprocessing = 0;
		};
/* End PBXSourcesBuildPhase section */

/* Begin PBXVariantGroup section */
		EAE037EE29C35BC900F1EA87 /* LaunchScreen.storyboard */ = {
			isa = PBXVariantGroup;
			children = (
				EAE037EF29C35BC900F1EA87 /* Base */,
			);
			name = LaunchScreen.storyboard;
			sourceTree = "<group>";
		};
/* End PBXVariantGroup section */

/* Begin XCBuildConfiguration section */
		EAE037F229C35BC900F1EA87 /* Debug */ = {
			isa = XCBuildConfiguration;
			buildSettings = {
				ALWAYS_SEARCH_USER_PATHS = NO;
				CLANG_ANALYZER_NONNULL = YES;
				CLANG_ANALYZER_NUMBER_OBJECT_CONVERSION = YES_AGGRESSIVE;
				CLANG_CXX_LANGUAGE_STANDARD = "gnu++20";
				CLANG_ENABLE_MODULES = YES;
				CLANG_ENABLE_OBJC_ARC = YES;
				CLANG_ENABLE_OBJC_WEAK = YES;
				CLANG_WARN_BLOCK_CAPTURE_AUTORELEASING = YES;
				CLANG_WARN_BOOL_CONVERSION = YES;
				CLANG_WARN_COMMA = YES;
				CLANG_WARN_CONSTANT_CONVERSION = YES;
				CLANG_WARN_DEPRECATED_OBJC_IMPLEMENTATIONS = YES;
				CLANG_WARN_DIRECT_OBJC_ISA_USAGE = YES_ERROR;
				CLANG_WARN_DOCUMENTATION_COMMENTS = YES;
				CLANG_WARN_EMPTY_BODY = YES;
				CLANG_WARN_ENUM_CONVERSION = YES;
				CLANG_WARN_INFINITE_RECURSION = YES;
				CLANG_WARN_INT_CONVERSION = YES;
				CLANG_WARN_NON_LITERAL_NULL_CONVERSION = YES;
				CLANG_WARN_OBJC_IMPLICIT_RETAIN_SELF = YES;
				CLANG_WARN_OBJC_LITERAL_CONVERSION = YES;
				CLANG_WARN_OBJC_ROOT_CLASS = YES_ERROR;
				CLANG_WARN_QUOTED_INCLUDE_IN_FRAMEWORK_HEADER = YES;
				CLANG_WARN_RANGE_LOOP_ANALYSIS = YES;
				CLANG_WARN_STRICT_PROTOTYPES = YES;
				CLANG_WARN_SUSPICIOUS_MOVE = YES;
				CLANG_WARN_UNGUARDED_AVAILABILITY = YES_AGGRESSIVE;
				CLANG_WARN_UNREACHABLE_CODE = YES;
				CLANG_WARN__DUPLICATE_METHOD_MATCH = YES;
				COPY_PHASE_STRIP = NO;
				DEBUG_INFORMATION_FORMAT = dwarf;
				ENABLE_STRICT_OBJC_MSGSEND = YES;
				ENABLE_TESTABILITY = YES;
				GCC_C_LANGUAGE_STANDARD = gnu11;
				GCC_DYNAMIC_NO_PIC = NO;
				GCC_NO_COMMON_BLOCKS = YES;
				GCC_OPTIMIZATION_LEVEL = 0;
				GCC_PREPROCESSOR_DEFINITIONS = (
					"DEBUG=1",
					"$(inherited)",
				);
				GCC_WARN_64_TO_32_BIT_CONVERSION = YES;
				GCC_WARN_ABOUT_RETURN_TYPE = YES_ERROR;
				GCC_WARN_UNDECLARED_SELECTOR = YES;
				GCC_WARN_UNINITIALIZED_AUTOS = YES_AGGRESSIVE;
				GCC_WARN_UNUSED_FUNCTION = YES;
				GCC_WARN_UNUSED_VARIABLE = YES;
				IPHONEOS_DEPLOYMENT_TARGET = 16.2;
				MTL_ENABLE_DEBUG_INFO = INCLUDE_SOURCE;
				MTL_FAST_MATH = YES;
				ONLY_ACTIVE_ARCH = YES;
				SDKROOT = iphoneos;
				SWIFT_ACTIVE_COMPILATION_CONDITIONS = DEBUG;
				SWIFT_OPTIMIZATION_LEVEL = "-Onone";
			};
			name = Debug;
		};
		EAE037F329C35BC900F1EA87 /* Release */ = {
			isa = XCBuildConfiguration;
			buildSettings = {
				ALWAYS_SEARCH_USER_PATHS = NO;
				CLANG_ANALYZER_NONNULL = YES;
				CLANG_ANALYZER_NUMBER_OBJECT_CONVERSION = YES_AGGRESSIVE;
				CLANG_CXX_LANGUAGE_STANDARD = "gnu++20";
				CLANG_ENABLE_MODULES = YES;
				CLANG_ENABLE_OBJC_ARC = YES;
				CLANG_ENABLE_OBJC_WEAK = YES;
				CLANG_WARN_BLOCK_CAPTURE_AUTORELEASING = YES;
				CLANG_WARN_BOOL_CONVERSION = YES;
				CLANG_WARN_COMMA = YES;
				CLANG_WARN_CONSTANT_CONVERSION = YES;
				CLANG_WARN_DEPRECATED_OBJC_IMPLEMENTATIONS = YES;
				CLANG_WARN_DIRECT_OBJC_ISA_USAGE = YES_ERROR;
				CLANG_WARN_DOCUMENTATION_COMMENTS = YES;
				CLANG_WARN_EMPTY_BODY = YES;
				CLANG_WARN_ENUM_CONVERSION = YES;
				CLANG_WARN_INFINITE_RECURSION = YES;
				CLANG_WARN_INT_CONVERSION = YES;
				CLANG_WARN_NON_LITERAL_NULL_CONVERSION = YES;
				CLANG_WARN_OBJC_IMPLICIT_RETAIN_SELF = YES;
				CLANG_WARN_OBJC_LITERAL_CONVERSION = YES;
				CLANG_WARN_OBJC_ROOT_CLASS = YES_ERROR;
				CLANG_WARN_QUOTED_INCLUDE_IN_FRAMEWORK_HEADER = YES;
				CLANG_WARN_RANGE_LOOP_ANALYSIS = YES;
				CLANG_WARN_STRICT_PROTOTYPES = YES;
				CLANG_WARN_SUSPICIOUS_MOVE = YES;
				CLANG_WARN_UNGUARDED_AVAILABILITY = YES_AGGRESSIVE;
				CLANG_WARN_UNREACHABLE_CODE = YES;
				CLANG_WARN__DUPLICATE_METHOD_MATCH = YES;
				COPY_PHASE_STRIP = NO;
				DEBUG_INFORMATION_FORMAT = "dwarf-with-dsym";
				ENABLE_NS_ASSERTIONS = NO;
				ENABLE_STRICT_OBJC_MSGSEND = YES;
				GCC_C_LANGUAGE_STANDARD = gnu11;
				GCC_NO_COMMON_BLOCKS = YES;
				GCC_WARN_64_TO_32_BIT_CONVERSION = YES;
				GCC_WARN_ABOUT_RETURN_TYPE = YES_ERROR;
				GCC_WARN_UNDECLARED_SELECTOR = YES;
				GCC_WARN_UNINITIALIZED_AUTOS = YES_AGGRESSIVE;
				GCC_WARN_UNUSED_FUNCTION = YES;
				GCC_WARN_UNUSED_VARIABLE = YES;
				IPHONEOS_DEPLOYMENT_TARGET = 16.2;
				MTL_ENABLE_DEBUG_INFO = NO;
				MTL_FAST_MATH = YES;
				SDKROOT = iphoneos;
				SWIFT_COMPILATION_MODE = wholemodule;
				SWIFT_OPTIMIZATION_LEVEL = "-O";
				VALIDATE_PRODUCT = YES;
			};
			name = Release;
		};
		EAE037F529C35BC900F1EA87 /* Debug */ = {
			isa = XCBuildConfiguration;
			buildSettings = {
				ASSETCATALOG_COMPILER_APPICON_NAME = AppIcon;
				ASSETCATALOG_COMPILER_GLOBAL_ACCENT_COLOR_NAME = AccentColor;
				CODE_SIGN_STYLE = Automatic;
				CURRENT_PROJECT_VERSION = 1;
				DEVELOPMENT_TEAM = 8NLF9PAHR7;
				GENERATE_INFOPLIST_FILE = YES;
				INFOPLIST_FILE = "20230316-YiHao-NYCSchools/Info.plist";
				INFOPLIST_KEY_UIApplicationSupportsIndirectInputEvents = YES;
				INFOPLIST_KEY_UILaunchStoryboardName = LaunchScreen;
				INFOPLIST_KEY_UISupportedInterfaceOrientations_iPad = "UIInterfaceOrientationPortrait UIInterfaceOrientationPortraitUpsideDown UIInterfaceOrientationLandscapeLeft UIInterfaceOrientationLandscapeRight";
				INFOPLIST_KEY_UISupportedInterfaceOrientations_iPhone = "UIInterfaceOrientationPortrait UIInterfaceOrientationLandscapeLeft UIInterfaceOrientationLandscapeRight";
				IPHONEOS_DEPLOYMENT_TARGET = 15.0;
				LD_RUNPATH_SEARCH_PATHS = (
					"$(inherited)",
					"@executable_path/Frameworks",
				);
				MARKETING_VERSION = 1.0;
				PRODUCT_BUNDLE_IDENTIFIER = "digital-product.-0230316-YiHao-NYCSchools";
				PRODUCT_NAME = "$(TARGET_NAME)";
				SWIFT_EMIT_LOC_STRINGS = YES;
				SWIFT_VERSION = 5.0;
				TARGETED_DEVICE_FAMILY = "1,2";
			};
			name = Debug;
		};
		EAE037F629C35BC900F1EA87 /* Release */ = {
			isa = XCBuildConfiguration;
			buildSettings = {
				ASSETCATALOG_COMPILER_APPICON_NAME = AppIcon;
				ASSETCATALOG_COMPILER_GLOBAL_ACCENT_COLOR_NAME = AccentColor;
				CODE_SIGN_STYLE = Automatic;
				CURRENT_PROJECT_VERSION = 1;
				DEVELOPMENT_TEAM = 8NLF9PAHR7;
				GENERATE_INFOPLIST_FILE = YES;
				INFOPLIST_FILE = "20230316-YiHao-NYCSchools/Info.plist";
				INFOPLIST_KEY_UIApplicationSupportsIndirectInputEvents = YES;
				INFOPLIST_KEY_UILaunchStoryboardName = LaunchScreen;
				INFOPLIST_KEY_UISupportedInterfaceOrientations_iPad = "UIInterfaceOrientationPortrait UIInterfaceOrientationPortraitUpsideDown UIInterfaceOrientationLandscapeLeft UIInterfaceOrientationLandscapeRight";
				INFOPLIST_KEY_UISupportedInterfaceOrientations_iPhone = "UIInterfaceOrientationPortrait UIInterfaceOrientationLandscapeLeft UIInterfaceOrientationLandscapeRight";
				IPHONEOS_DEPLOYMENT_TARGET = 15.0;
				LD_RUNPATH_SEARCH_PATHS = (
					"$(inherited)",
					"@executable_path/Frameworks",
				);
				MARKETING_VERSION = 1.0;
				PRODUCT_BUNDLE_IDENTIFIER = "digital-product.-0230316-YiHao-NYCSchools";
				PRODUCT_NAME = "$(TARGET_NAME)";
				SWIFT_EMIT_LOC_STRINGS = YES;
				SWIFT_VERSION = 5.0;
				TARGETED_DEVICE_FAMILY = "1,2";
			};
			name = Release;
		};
/* End XCBuildConfiguration section */

/* Begin XCConfigurationList section */
		EAE037DB29C35BC600F1EA87 /* Build configuration list for PBXProject "20230316-YiHao-NYCSchools" */ = {
			isa = XCConfigurationList;
			buildConfigurations = (
				EAE037F229C35BC900F1EA87 /* Debug */,
				EAE037F329C35BC900F1EA87 /* Release */,
			);
			defaultConfigurationIsVisible = 0;
			defaultConfigurationName = Release;
		};
		EAE037F429C35BC900F1EA87 /* Build configuration list for PBXNativeTarget "20230316-YiHao-NYCSchools" */ = {
			isa = XCConfigurationList;
			buildConfigurations = (
				EAE037F529C35BC900F1EA87 /* Debug */,
				EAE037F629C35BC900F1EA87 /* Release */,
			);
			defaultConfigurationIsVisible = 0;
			defaultConfigurationName = Release;
		};
/* End XCConfigurationList section */
	};
	rootObject = EAE037D829C35BC600F1EA87 /* Project object */;
}
